// !$*UTF8*$!
{
	archiveVersion = 1;
	classes = {
	};
	objectVersion = 46;
	objects = {

/* Begin PBXBuildFile section */
		2C6CB23D1AC8829800CBBE5F /* main.c in Sources */ = {isa = PBXBuildFile; fileRef = 2C6CB23C1AC8829800CBBE5F /* main.c */; };
		2CAE0A1B1AC883B6005E313F /* movie.c in Sources */ = {isa = PBXBuildFile; fileRef = 2CAE0A191AC883B6005E313F /* movie.c */; };
		2CCFD24E1AE6E25E004AF3E9 /* movietcpsrv.c in Sources */ = {isa = PBXBuildFile; fileRef = 2CCFD24D1AE6E25E004AF3E9 /* movietcpsrv.c */; };
		2CCFD2501AE6E388004AF3E9 /* movietcpcli.c in Sources */ = {isa = PBXBuildFile; fileRef = 2CCFD24F1AE6E388004AF3E9 /* movietcpcli.c */; };
		2CCFD2531AE6E69A004AF3E9 /* error.c in Sources */ = {isa = PBXBuildFile; fileRef = 2CCFD2521AE6E69A004AF3E9 /* error.c */; };
		2CCFD2551AE6E88C004AF3E9 /* wrapsock.c in Sources */ = {isa = PBXBuildFile; fileRef = 2CCFD2541AE6E88C004AF3E9 /* wrapsock.c */; };
		2CCFD2591AE6EEC0004AF3E9 /* wrapunix.c in Sources */ = {isa = PBXBuildFile; fileRef = 2CCFD2581AE6EEC0004AF3E9 /* wrapunix.c */; };
		F9CB110B1AD9B255000939AF /* serverExample.c in Sources */ = {isa = PBXBuildFile; fileRef = F9CB110A1AD9B255000939AF /* serverExample.c */; };
		F9CB110D1AD9B274000939AF /* userExample.c in Sources */ = {isa = PBXBuildFile; fileRef = F9CB110C1AD9B274000939AF /* userExample.c */; };
/* End PBXBuildFile section */

/* Begin PBXCopyFilesBuildPhase section */
		2C6CB2371AC8829800CBBE5F /* CopyFiles */ = {
			isa = PBXCopyFilesBuildPhase;
			buildActionMask = 2147483647;
			dstPath = /usr/share/man/man1/;
			dstSubfolderSpec = 0;
			files = (
			);
			runOnlyForDeploymentPostprocessing = 1;
		};
/* End PBXCopyFilesBuildPhase section */

/* Begin PBXFileReference section */
		2C6CB2391AC8829800CBBE5F /* mc833-p1-tcp-server */ = {isa = PBXFileReference; explicitFileType = "compiled.mach-o.executable"; includeInIndex = 0; path = "mc833-p1-tcp-server"; sourceTree = BUILT_PRODUCTS_DIR; };
		2C6CB23C1AC8829800CBBE5F /* main.c */ = {isa = PBXFileReference; lastKnownFileType = sourcecode.c.c; path = main.c; sourceTree = "<group>"; };
		2CAE0A191AC883B6005E313F /* movie.c */ = {isa = PBXFileReference; fileEncoding = 4; lastKnownFileType = sourcecode.c.c; path = movie.c; sourceTree = "<group>"; };
		2CAE0A1A1AC883B6005E313F /* movie.h */ = {isa = PBXFileReference; fileEncoding = 4; lastKnownFileType = sourcecode.c.h; path = movie.h; sourceTree = "<group>"; };
		2CCFD24C1AE6E1DD004AF3E9 /* commonheader.h */ = {isa = PBXFileReference; lastKnownFileType = sourcecode.c.h; path = commonheader.h; sourceTree = "<group>"; };
		2CCFD24D1AE6E25E004AF3E9 /* movietcpsrv.c */ = {isa = PBXFileReference; fileEncoding = 4; lastKnownFileType = sourcecode.c.c; path = movietcpsrv.c; sourceTree = "<group>"; };
		2CCFD24F1AE6E388004AF3E9 /* movietcpcli.c */ = {isa = PBXFileReference; fileEncoding = 4; lastKnownFileType = sourcecode.c.c; path = movietcpcli.c; sourceTree = "<group>"; };
		2CCFD2521AE6E69A004AF3E9 /* error.c */ = {isa = PBXFileReference; fileEncoding = 4; lastKnownFileType = sourcecode.c.c; path = error.c; sourceTree = "<group>"; };
		2CCFD2541AE6E88C004AF3E9 /* wrapsock.c */ = {isa = PBXFileReference; fileEncoding = 4; lastKnownFileType = sourcecode.c.c; path = wrapsock.c; sourceTree = "<group>"; };
		2CCFD2581AE6EEC0004AF3E9 /* wrapunix.c */ = {isa = PBXFileReference; fileEncoding = 4; lastKnownFileType = sourcecode.c.c; path = wrapunix.c; sourceTree = "<group>"; };
		2CCFD2621AE71C1E004AF3E9 /* Makefile */ = {isa = PBXFileReference; lastKnownFileType = sourcecode.make; path = Makefile; sourceTree = "<group>"; };
		F9CB110A1AD9B255000939AF /* serverExample.c */ = {isa = PBXFileReference; fileEncoding = 4; lastKnownFileType = sourcecode.c.c; path = serverExample.c; sourceTree = "<group>"; };
		F9CB110C1AD9B274000939AF /* userExample.c */ = {isa = PBXFileReference; fileEncoding = 4; lastKnownFileType = sourcecode.c.c; path = userExample.c; sourceTree = "<group>"; };
/* End PBXFileReference section */

/* Begin PBXFrameworksBuildPhase section */
		2C6CB2361AC8829800CBBE5F /* Frameworks */ = {
			isa = PBXFrameworksBuildPhase;
			buildActionMask = 2147483647;
			files = (
			);
			runOnlyForDeploymentPostprocessing = 0;
		};
/* End PBXFrameworksBuildPhase section */

/* Begin PBXGroup section */
		2C6CB2301AC8829800CBBE5F = {
			isa = PBXGroup;
			children = (
				2C6CB23B1AC8829800CBBE5F /* mc833-p1-tcp-server */,
				2C6CB23A1AC8829800CBBE5F /* Products */,
			);
			sourceTree = "<group>";
		};
		2C6CB23A1AC8829800CBBE5F /* Products */ = {
			isa = PBXGroup;
			children = (
				2C6CB2391AC8829800CBBE5F /* mc833-p1-tcp-server */,
			);
			name = Products;
			sourceTree = "<group>";
		};
		2C6CB23B1AC8829800CBBE5F /* mc833-p1-tcp-server */ = {
			isa = PBXGroup;
			children = (
				2CCFD2621AE71C1E004AF3E9 /* Makefile */,
				2CCFD25D1AE6EEF5004AF3E9 /* tcp */,
				2CCFD25C1AE6EEE1004AF3E9 /* Movie */,
				2CCFD25B1AE6EED6004AF3E9 /* lib */,
				2CCFD25A1AE6EECA004AF3E9 /* Wrappers */,
				2C6CB23C1AC8829800CBBE5F /* main.c */,
				F9CB110A1AD9B255000939AF /* serverExample.c */,
				F9CB110C1AD9B274000939AF /* userExample.c */,
			);
			path = "mc833-p1-tcp-server";
			sourceTree = "<group>";
		};
		2CCFD25A1AE6EECA004AF3E9 /* Wrappers */ = {
			isa = PBXGroup;
			children = (
				2CCFD2581AE6EEC0004AF3E9 /* wrapunix.c */,
				2CCFD2541AE6E88C004AF3E9 /* wrapsock.c */,
			);
			name = Wrappers;
			sourceTree = "<group>";
		};
		2CCFD25B1AE6EED6004AF3E9 /* lib */ = {
			isa = PBXGroup;
			children = (
				2CCFD24C1AE6E1DD004AF3E9 /* commonheader.h */,
				2CCFD2521AE6E69A004AF3E9 /* error.c */,
			);
			name = lib;
			sourceTree = "<group>";
		};
		2CCFD25C1AE6EEE1004AF3E9 /* Movie */ = {
			isa = PBXGroup;
			children = (
				2CAE0A1A1AC883B6005E313F /* movie.h */,
				2CAE0A191AC883B6005E313F /* movie.c */,
			);
			name = Movie;
			sourceTree = "<group>";
		};
		2CCFD25D1AE6EEF5004AF3E9 /* tcp */ = {
			isa = PBXGroup;
			children = (
				2CCFD24D1AE6E25E004AF3E9 /* movietcpsrv.c */,
				2CCFD24F1AE6E388004AF3E9 /* movietcpcli.c */,
			);
			name = tcp;
			sourceTree = "<group>";
		};
/* End PBXGroup section */

/* Begin PBXNativeTarget section */
		2C6CB2381AC8829800CBBE5F /* mc833-p1-tcp-server */ = {
			isa = PBXNativeTarget;
			buildConfigurationList = 2C6CB2401AC8829800CBBE5F /* Build configuration list for PBXNativeTarget "mc833-p1-tcp-server" */;
			buildPhases = (
				2C6CB2351AC8829800CBBE5F /* Sources */,
				2C6CB2361AC8829800CBBE5F /* Frameworks */,
				2C6CB2371AC8829800CBBE5F /* CopyFiles */,
			);
			buildRules = (
			);
			dependencies = (
			);
			name = "mc833-p1-tcp-server";
			productName = "mc833-p1-tcp-server";
			productReference = 2C6CB2391AC8829800CBBE5F /* mc833-p1-tcp-server */;
			productType = "com.apple.product-type.tool";
		};
/* End PBXNativeTarget section */

/* Begin PBXProject section */
		2C6CB2311AC8829800CBBE5F /* Project object */ = {
			isa = PBXProject;
			attributes = {
				LastUpgradeCheck = 0620;
				ORGANIZATIONNAME = mc833;
				TargetAttributes = {
					2C6CB2381AC8829800CBBE5F = {
						CreatedOnToolsVersion = 6.2;
					};
				};
			};
			buildConfigurationList = 2C6CB2341AC8829800CBBE5F /* Build configuration list for PBXProject "mc833-p1-tcp-server" */;
			compatibilityVersion = "Xcode 3.2";
			developmentRegion = English;
			hasScannedForEncodings = 0;
			knownRegions = (
				en,
			);
			mainGroup = 2C6CB2301AC8829800CBBE5F;
			productRefGroup = 2C6CB23A1AC8829800CBBE5F /* Products */;
			projectDirPath = "";
			projectRoot = "";
			targets = (
				2C6CB2381AC8829800CBBE5F /* mc833-p1-tcp-server */,
			);
		};
/* End PBXProject section */

/* Begin PBXSourcesBuildPhase section */
		2C6CB2351AC8829800CBBE5F /* Sources */ = {
			isa = PBXSourcesBuildPhase;
			buildActionMask = 2147483647;
			files = (
				2CAE0A1B1AC883B6005E313F /* movie.c in Sources */,
				2CCFD2591AE6EEC0004AF3E9 /* wrapunix.c in Sources */,
				F9CB110D1AD9B274000939AF /* userExample.c in Sources */,
				2C6CB23D1AC8829800CBBE5F /* main.c in Sources */,
				2CCFD2531AE6E69A004AF3E9 /* error.c in Sources */,
				2CCFD2501AE6E388004AF3E9 /* movietcpcli.c in Sources */,
				2CCFD2551AE6E88C004AF3E9 /* wrapsock.c in Sources */,
				F9CB110B1AD9B255000939AF /* serverExample.c in Sources */,
				2CCFD24E1AE6E25E004AF3E9 /* movietcpsrv.c in Sources */,
			);
			runOnlyForDeploymentPostprocessing = 0;
		};
/* End PBXSourcesBuildPhase section */

/* Begin XCBuildConfiguration section */
		2C6CB23E1AC8829800CBBE5F /* Debug */ = {
			isa = XCBuildConfiguration;
			buildSettings = {
				ALWAYS_SEARCH_USER_PATHS = NO;
				CLANG_CXX_LANGUAGE_STANDARD = "gnu++0x";
				CLANG_CXX_LIBRARY = "libc++";
				CLANG_ENABLE_MODULES = YES;
				CLANG_ENABLE_OBJC_ARC = YES;
				CLANG_WARN_BOOL_CONVERSION = YES;
				CLANG_WARN_CONSTANT_CONVERSION = YES;
				CLANG_WARN_DIRECT_OBJC_ISA_USAGE = YES_ERROR;
				CLANG_WARN_EMPTY_BODY = YES;
				CLANG_WARN_ENUM_CONVERSION = YES;
				CLANG_WARN_INT_CONVERSION = YES;
				CLANG_WARN_OBJC_ROOT_CLASS = YES_ERROR;
				CLANG_WARN_UNREACHABLE_CODE = YES;
				CLANG_WARN__DUPLICATE_METHOD_MATCH = YES;
				COPY_PHASE_STRIP = NO;
				ENABLE_STRICT_OBJC_MSGSEND = YES;
				GCC_C_LANGUAGE_STANDARD = gnu99;
				GCC_DYNAMIC_NO_PIC = NO;
				GCC_OPTIMIZATION_LEVEL = 0;
				GCC_PREPROCESSOR_DEFINITIONS = (
					"DEBUG=1",
					"$(inherited)",
				);
				GCC_SYMBOLS_PRIVATE_EXTERN = NO;
				GCC_WARN_64_TO_32_BIT_CONVERSION = YES;
				GCC_WARN_ABOUT_RETURN_TYPE = YES_ERROR;
				GCC_WARN_UNDECLARED_SELECTOR = YES;
				GCC_WARN_UNINITIALIZED_AUTOS = YES_AGGRESSIVE;
				GCC_WARN_UNUSED_FUNCTION = YES;
				GCC_WARN_UNUSED_VARIABLE = YES;
				MACOSX_DEPLOYMENT_TARGET = 10.10;
				MTL_ENABLE_DEBUG_INFO = YES;
				ONLY_ACTIVE_ARCH = YES;
				SDKROOT = macosx;
			};
			name = Debug;
		};
		2C6CB23F1AC8829800CBBE5F /* Release */ = {
			isa = XCBuildConfiguration;
			buildSettings = {
				ALWAYS_SEARCH_USER_PATHS = NO;
				CLANG_CXX_LANGUAGE_STANDARD = "gnu++0x";
				CLANG_CXX_LIBRARY = "libc++";
				CLANG_ENABLE_MODULES = YES;
				CLANG_ENABLE_OBJC_ARC = YES;
				CLANG_WARN_BOOL_CONVERSION = YES;
				CLANG_WARN_CONSTANT_CONVERSION = YES;
				CLANG_WARN_DIRECT_OBJC_ISA_USAGE = YES_ERROR;
				CLANG_WARN_EMPTY_BODY = YES;
				CLANG_WARN_ENUM_CONVERSION = YES;
				CLANG_WARN_INT_CONVERSION = YES;
				CLANG_WARN_OBJC_ROOT_CLASS = YES_ERROR;
				CLANG_WARN_UNREACHABLE_CODE = YES;
				CLANG_WARN__DUPLICATE_METHOD_MATCH = YES;
				COPY_PHASE_STRIP = NO;
				DEBUG_INFORMATION_FORMAT = "dwarf-with-dsym";
				ENABLE_NS_ASSERTIONS = NO;
				ENABLE_STRICT_OBJC_MSGSEND = YES;
				GCC_C_LANGUAGE_STANDARD = gnu99;
				GCC_WARN_64_TO_32_BIT_CONVERSION = YES;
				GCC_WARN_ABOUT_RETURN_TYPE = YES_ERROR;
				GCC_WARN_UNDECLARED_SELECTOR = YES;
				GCC_WARN_UNINITIALIZED_AUTOS = YES_AGGRESSIVE;
				GCC_WARN_UNUSED_FUNCTION = YES;
				GCC_WARN_UNUSED_VARIABLE = YES;
				MACOSX_DEPLOYMENT_TARGET = 10.10;
				MTL_ENABLE_DEBUG_INFO = NO;
				SDKROOT = macosx;
			};
			name = Release;
		};
		2C6CB2411AC8829800CBBE5F /* Debug */ = {
			isa = XCBuildConfiguration;
			buildSettings = {
				PRODUCT_NAME = "$(TARGET_NAME)";
			};
			name = Debug;
		};
		2C6CB2421AC8829800CBBE5F /* Release */ = {
			isa = XCBuildConfiguration;
			buildSettings = {
				PRODUCT_NAME = "$(TARGET_NAME)";
			};
			name = Release;
		};
/* End XCBuildConfiguration section */

/* Begin XCConfigurationList section */
		2C6CB2341AC8829800CBBE5F /* Build configuration list for PBXProject "mc833-p1-tcp-server" */ = {
			isa = XCConfigurationList;
			buildConfigurations = (
				2C6CB23E1AC8829800CBBE5F /* Debug */,
				2C6CB23F1AC8829800CBBE5F /* Release */,
			);
			defaultConfigurationIsVisible = 0;
			defaultConfigurationName = Release;
		};
		2C6CB2401AC8829800CBBE5F /* Build configuration list for PBXNativeTarget "mc833-p1-tcp-server" */ = {
			isa = XCConfigurationList;
			buildConfigurations = (
				2C6CB2411AC8829800CBBE5F /* Debug */,
				2C6CB2421AC8829800CBBE5F /* Release */,
			);
			defaultConfigurationIsVisible = 0;
			defaultConfigurationName = Release;
		};
/* End XCConfigurationList section */
	};
	rootObject = 2C6CB2311AC8829800CBBE5F /* Project object */;
}
